<?xml version="1.0" encoding="utf-8"?>
<Project ToolsVersion="4.0" xmlns="http://schemas.microsoft.com/developer/msbuild/2003">
  <ItemGroup>
    <Filter Include="Main">
      <UniqueIdentifier>{4aba56c2-15df-4bb8-83de-4b56020490be}</UniqueIdentifier>
    </Filter>
  </ItemGroup>
  <ItemGroup>
    <ClCompile Include="LinearCustom.cpp">
      <Filter>Main</Filter>
    </ClCompile>
    <ClCompile Include="Algorithm.cpp">
      <Filter>Main</Filter>
    </ClCompile>
    <ClCompile Include="GraphCustom.cpp">
      <Filter>Main</Filter>
    </ClCompile>
    <ClCompile Include="TreeCustom.cpp">
      <Filter>Main</Filter>
    </ClCompile>
  </ItemGroup>
  <ItemGroup>
    <ClInclude Include="GraphCustom.h">
      <Filter>Main</Filter>
    </ClInclude>
    <ClInclude Include="LinearCustom.h">
      <Filter>Main</Filter>
    </ClInclude>
    <ClInclude Include="TreeCustom.h">
      <Filter>Main</Filter>
    </ClInclude>
  </ItemGroup>
</Project>